
Microsoft Visual Studio Solution File, Format Version 12.00
# Visual Studio Version 16
VisualStudioVersion = 16.0.31005.135
MinimumVisualStudioVersion = 10.0.40219.1
Project("{FAE04EC0-301F-11D3-BF4B-00C04F79EFBC}") = "Test1", "Test1\Test1.csproj", "{1160CE78-1193-4F04-919B-01DFCA8FEDFE}"
EndProject
Global
	GlobalSection(SolutionConfigurationPlatforms) = preSolution
		Debug|Any CPU = Debug|Any CPU
		Release|Any CPU = Release|Any CPU
	EndGlobalSection
	GlobalSection(ProjectConfigurationPlatforms) = postSolution
		{1160CE78-1193-4F04-919B-01DFCA8FEDFE}.Debug|Any CPU.ActiveCfg = Debug|Any CPU
		{1160CE78-1193-4F04-919B-01DFCA8FEDFE}.Debug|Any CPU.Build.0 = Debug|Any CPU
		{1160CE78-1193-4F04-919B-01DFCA8FEDFE}.Release|Any CPU.ActiveCfg = Release|Any CPU
		{1160CE78-1193-4F04-919B-01DFCA8FEDFE}.Release|Any CPU.Build.0 = Release|Any CPU
	EndGlobalSection
	GlobalSection(SolutionProperties) = preSolution
		HideSolutionNode = FALSE
	EndGlobalSection
	GlobalSection(ExtensibilityGlobals) = postSolution
		SolutionGuid = {840092EC-085E-4724-B515-C8E5DB0CEBDD}
	EndGlobalSection
EndGlobal
